
Microsoft Visual Studio Solution File, Format Version 12.00
# Visual Studio 15
VisualStudioVersion = 15.0.28307.572
MinimumVisualStudioVersion = 10.0.40219.1
Project("{FAE04EC0-301F-11D3-BF4B-00C04F79EFBC}") = "FaceAPIHF.Android", "FaceAPIHF\FaceAPIHF.Android\FaceAPIHF.Android.csproj", "{8408BB98-3E31-4434-A0EF-A76064D761C1}"
EndProject
Project("{FAE04EC0-301F-11D3-BF4B-00C04F79EFBC}") = "FaceAPIHF.UWP", "FaceAPIHF\FaceAPIHF.UWP\FaceAPIHF.UWP.csproj", "{24EEF304-F18A-428B-8BDA-B54503A31352}"
EndProject
Project("{FAE04EC0-301F-11D3-BF4B-00C04F79EFBC}") = "FaceAPIHF", "FaceAPIHF\FaceAPIHF\FaceAPIHF.csproj", "{6F849C73-16A3-490A-BFC9-47C353A3965A}"
EndProject
Global
	GlobalSection(SolutionConfigurationPlatforms) = preSolution
		Debug|Any CPU = Debug|Any CPU
		Debug|ARM = Debug|ARM
		Debug|x64 = Debug|x64
		Debug|x86 = Debug|x86
		Release|Any CPU = Release|Any CPU
		Release|ARM = Release|ARM
		Release|x64 = Release|x64
		Release|x86 = Release|x86
	EndGlobalSection
	GlobalSection(ProjectConfigurationPlatforms) = postSolution
		{8408BB98-3E31-4434-A0EF-A76064D761C1}.Debug|Any CPU.ActiveCfg = Debug|Any CPU
		{8408BB98-3E31-4434-A0EF-A76064D761C1}.Debug|Any CPU.Build.0 = Debug|Any CPU
		{8408BB98-3E31-4434-A0EF-A76064D761C1}.Debug|Any CPU.Deploy.0 = Debug|Any CPU
		{8408BB98-3E31-4434-A0EF-A76064D761C1}.Debug|ARM.ActiveCfg = Debug|Any CPU
		{8408BB98-3E31-4434-A0EF-A76064D761C1}.Debug|ARM.Build.0 = Debug|Any CPU
		{8408BB98-3E31-4434-A0EF-A76064D761C1}.Debug|ARM.Deploy.0 = Debug|Any CPU
		{8408BB98-3E31-4434-A0EF-A76064D761C1}.Debug|x64.ActiveCfg = Debug|Any CPU
		{8408BB98-3E31-4434-A0EF-A76064D761C1}.Debug|x64.Build.0 = Debug|Any CPU
		{8408BB98-3E31-4434-A0EF-A76064D761C1}.Debug|x64.Deploy.0 = Debug|Any CPU
		{8408BB98-3E31-4434-A0EF-A76064D761C1}.Debug|x86.ActiveCfg = Debug|Any CPU
		{8408BB98-3E31-4434-A0EF-A76064D761C1}.Debug|x86.Build.0 = Debug|Any CPU
		{8408BB98-3E31-4434-A0EF-A76064D761C1}.Debug|x86.Deploy.0 = Debug|Any CPU
		{8408BB98-3E31-4434-A0EF-A76064D761C1}.Release|Any CPU.ActiveCfg = Release|Any CPU
		{8408BB98-3E31-4434-A0EF-A76064D761C1}.Release|Any CPU.Build.0 = Release|Any CPU
		{8408BB98-3E31-4434-A0EF-A76064D761C1}.Release|Any CPU.Deploy.0 = Release|Any CPU
		{8408BB98-3E31-4434-A0EF-A76064D761C1}.Release|ARM.ActiveCfg = Release|Any CPU
		{8408BB98-3E31-4434-A0EF-A76064D761C1}.Release|ARM.Build.0 = Release|Any CPU
		{8408BB98-3E31-4434-A0EF-A76064D761C1}.Release|ARM.Deploy.0 = Release|Any CPU
		{8408BB98-3E31-4434-A0EF-A76064D761C1}.Release|x64.ActiveCfg = Release|Any CPU
		{8408BB98-3E31-4434-A0EF-A76064D761C1}.Release|x64.Build.0 = Release|Any CPU
		{8408BB98-3E31-4434-A0EF-A76064D761C1}.Release|x64.Deploy.0 = Release|Any CPU
		{8408BB98-3E31-4434-A0EF-A76064D761C1}.Release|x86.ActiveCfg = Release|Any CPU
		{8408BB98-3E31-4434-A0EF-A76064D761C1}.Release|x86.Build.0 = Release|Any CPU
		{8408BB98-3E31-4434-A0EF-A76064D761C1}.Release|x86.Deploy.0 = Release|Any CPU
		{24EEF304-F18A-428B-8BDA-B54503A31352}.Debug|Any CPU.ActiveCfg = Debug|x86
		{24EEF304-F18A-428B-8BDA-B54503A31352}.Debug|Any CPU.Build.0 = Debug|x86
		{24EEF304-F18A-428B-8BDA-B54503A31352}.Debug|Any CPU.Deploy.0 = Debug|x86
		{24EEF304-F18A-428B-8BDA-B54503A31352}.Debug|ARM.ActiveCfg = Debug|ARM
		{24EEF304-F18A-428B-8BDA-B54503A31352}.Debug|ARM.Build.0 = Debug|ARM
		{24EEF304-F18A-428B-8BDA-B54503A31352}.Debug|ARM.Deploy.0 = Debug|ARM
		{24EEF304-F18A-428B-8BDA-B54503A31352}.Debug|x64.ActiveCfg = Debug|x64
		{24EEF304-F18A-428B-8BDA-B54503A31352}.Debug|x64.Build.0 = Debug|x64
		{24EEF304-F18A-428B-8BDA-B54503A31352}.Debug|x64.Deploy.0 = Debug|x64
		{24EEF304-F18A-428B-8BDA-B54503A31352}.Debug|x86.ActiveCfg = Debug|x86
		{24EEF304-F18A-428B-8BDA-B54503A31352}.Debug|x86.Build.0 = Debug|x86
		{24EEF304-F18A-428B-8BDA-B54503A31352}.Debug|x86.Deploy.0 = Debug|x86
		{24EEF304-F18A-428B-8BDA-B54503A31352}.Release|Any CPU.ActiveCfg = Release|x86
		{24EEF304-F18A-428B-8BDA-B54503A31352}.Release|Any CPU.Build.0 = Release|x86
		{24EEF304-F18A-428B-8BDA-B54503A31352}.Release|Any CPU.Deploy.0 = Release|x86
		{24EEF304-F18A-428B-8BDA-B54503A31352}.Release|ARM.ActiveCfg = Release|ARM
		{24EEF304-F18A-428B-8BDA-B54503A31352}.Release|ARM.Build.0 = Release|ARM
		{24EEF304-F18A-428B-8BDA-B54503A31352}.Release|ARM.Deploy.0 = Release|ARM
		{24EEF304-F18A-428B-8BDA-B54503A31352}.Release|x64.ActiveCfg = Release|x64
		{24EEF304-F18A-428B-8BDA-B54503A31352}.Release|x64.Build.0 = Release|x64
		{24EEF304-F18A-428B-8BDA-B54503A31352}.Release|x64.Deploy.0 = Release|x64
		{24EEF304-F18A-428B-8BDA-B54503A31352}.Release|x86.ActiveCfg = Release|x86
		{24EEF304-F18A-428B-8BDA-B54503A31352}.Release|x86.Build.0 = Release|x86
		{24EEF304-F18A-428B-8BDA-B54503A31352}.Release|x86.Deploy.0 = Release|x86
		{6F849C73-16A3-490A-BFC9-47C353A3965A}.Debug|Any CPU.ActiveCfg = Debug|Any CPU
		{6F849C73-16A3-490A-BFC9-47C353A3965A}.Debug|Any CPU.Build.0 = Debug|Any CPU
		{6F849C73-16A3-490A-BFC9-47C353A3965A}.Debug|Any CPU.Deploy.0 = Debug|Any CPU
		{6F849C73-16A3-490A-BFC9-47C353A3965A}.Debug|ARM.ActiveCfg = Debug|Any CPU
		{6F849C73-16A3-490A-BFC9-47C353A3965A}.Debug|ARM.Build.0 = Debug|Any CPU
		{6F849C73-16A3-490A-BFC9-47C353A3965A}.Debug|ARM.Deploy.0 = Debug|Any CPU
		{6F849C73-16A3-490A-BFC9-47C353A3965A}.Debug|x64.ActiveCfg = Debug|Any CPU
		{6F849C73-16A3-490A-BFC9-47C353A3965A}.Debug|x64.Build.0 = Debug|Any CPU
		{6F849C73-16A3-490A-BFC9-47C353A3965A}.Debug|x64.Deploy.0 = Debug|Any CPU
		{6F849C73-16A3-490A-BFC9-47C353A3965A}.Debug|x86.ActiveCfg = Debug|Any CPU
		{6F849C73-16A3-490A-BFC9-47C353A3965A}.Debug|x86.Build.0 = Debug|Any CPU
		{6F849C73-16A3-490A-BFC9-47C353A3965A}.Debug|x86.Deploy.0 = Debug|Any CPU
		{6F849C73-16A3-490A-BFC9-47C353A3965A}.Release|Any CPU.ActiveCfg = Release|Any CPU
		{6F849C73-16A3-490A-BFC9-47C353A3965A}.Release|Any CPU.Build.0 = Release|Any CPU
		{6F849C73-16A3-490A-BFC9-47C353A3965A}.Release|Any CPU.Deploy.0 = Release|Any CPU
		{6F849C73-16A3-490A-BFC9-47C353A3965A}.Release|ARM.ActiveCfg = Release|Any CPU
		{6F849C73-16A3-490A-BFC9-47C353A3965A}.Release|ARM.Build.0 = Release|Any CPU
		{6F849C73-16A3-490A-BFC9-47C353A3965A}.Release|ARM.Deploy.0 = Release|Any CPU
		{6F849C73-16A3-490A-BFC9-47C353A3965A}.Release|x64.ActiveCfg = Release|Any CPU
		{6F849C73-16A3-490A-BFC9-47C353A3965A}.Release|x64.Build.0 = Release|Any CPU
		{6F849C73-16A3-490A-BFC9-47C353A3965A}.Release|x64.Deploy.0 = Release|Any CPU
		{6F849C73-16A3-490A-BFC9-47C353A3965A}.Release|x86.ActiveCfg = Release|Any CPU
		{6F849C73-16A3-490A-BFC9-47C353A3965A}.Release|x86.Build.0 = Release|Any CPU
		{6F849C73-16A3-490A-BFC9-47C353A3965A}.Release|x86.Deploy.0 = Release|Any CPU
	EndGlobalSection
	GlobalSection(SolutionProperties) = preSolution
		HideSolutionNode = FALSE
	EndGlobalSection
	GlobalSection(ExtensibilityGlobals) = postSolution
		SolutionGuid = {FCBB2430-82E6-4DAE-9114-F04757E33CAB}
	EndGlobalSection
EndGlobal
